
Microsoft Visual Studio Solution File, Format Version 12.00
# Visual Studio Version 17
VisualStudioVersion = 17.6.33829.357
MinimumVisualStudioVersion = 10.0.40219.1
Project("{9A19103F-16F7-4668-BE54-9A1E7A4F7556}") = "Bank Account Management", "Bank Account Management\Bank Account Management.csproj", "{E60EB620-1F27-4626-9244-FEFA6D4681C4}"
EndProject
Project("{9A19103F-16F7-4668-BE54-9A1E7A4F7556}") = "Bank Account Management Tests", "Bank Account Management Tests\Bank Account Management Tests.csproj", "{2F0A301D-DD9C-48EF-BCC4-1377858F065D}"
EndProject
Global
	GlobalSection(SolutionConfigurationPlatforms) = preSolution
		Debug|Any CPU = Debug|Any CPU
		Release|Any CPU = Release|Any CPU
	EndGlobalSection
	GlobalSection(ProjectConfigurationPlatforms) = postSolution
		{E60EB620-1F27-4626-9244-FEFA6D4681C4}.Debug|Any CPU.ActiveCfg = Debug|Any CPU
		{E60EB620-1F27-4626-9244-FEFA6D4681C4}.Debug|Any CPU.Build.0 = Debug|Any CPU
		{E60EB620-1F27-4626-9244-FEFA6D4681C4}.Release|Any CPU.ActiveCfg = Release|Any CPU
		{E60EB620-1F27-4626-9244-FEFA6D4681C4}.Release|Any CPU.Build.0 = Release|Any CPU
		{2F0A301D-DD9C-48EF-BCC4-1377858F065D}.Debug|Any CPU.ActiveCfg = Debug|Any CPU
		{2F0A301D-DD9C-48EF-BCC4-1377858F065D}.Debug|Any CPU.Build.0 = Debug|Any CPU
		{2F0A301D-DD9C-48EF-BCC4-1377858F065D}.Release|Any CPU.ActiveCfg = Release|Any CPU
		{2F0A301D-DD9C-48EF-BCC4-1377858F065D}.Release|Any CPU.Build.0 = Release|Any CPU
	EndGlobalSection
	GlobalSection(SolutionProperties) = preSolution
		HideSolutionNode = FALSE
	EndGlobalSection
	GlobalSection(ExtensibilityGlobals) = postSolution
		SolutionGuid = {8F69DDA1-BEB5-4755-8F4B-CDE98BA0DA86}
	EndGlobalSection
EndGlobal
